
Microsoft Visual Studio Solution File, Format Version 12.00
# Visual Studio 15
VisualStudioVersion = 15.0.27130.0
MinimumVisualStudioVersion = 10.0.40219.1
Project("{FAE04EC0-301F-11D3-BF4B-00C04F79EFBC}") = "EmployeeDictionary", "EmployeeDictionary\EmployeeDictionary.csproj", "{C884C482-EE83-4150-B03D-F9DCF737C121}"
EndProject
Global
	GlobalSection(SolutionConfigurationPlatforms) = preSolution
		Debug|Any CPU = Debug|Any CPU
		Release|Any CPU = Release|Any CPU
	EndGlobalSection
	GlobalSection(ProjectConfigurationPlatforms) = postSolution
		{C884C482-EE83-4150-B03D-F9DCF737C121}.Debug|Any CPU.ActiveCfg = Debug|Any CPU
		{C884C482-EE83-4150-B03D-F9DCF737C121}.Debug|Any CPU.Build.0 = Debug|Any CPU
		{C884C482-EE83-4150-B03D-F9DCF737C121}.Release|Any CPU.ActiveCfg = Release|Any CPU
		{C884C482-EE83-4150-B03D-F9DCF737C121}.Release|Any CPU.Build.0 = Release|Any CPU
	EndGlobalSection
	GlobalSection(SolutionProperties) = preSolution
		HideSolutionNode = FALSE
	EndGlobalSection
	GlobalSection(ExtensibilityGlobals) = postSolution
		SolutionGuid = {9A1845E9-CB20-4F0E-B0CE-C0112A221BEF}
	EndGlobalSection
EndGlobal
